// !$*UTF8*$!
{
	archiveVersion = 1;
	classes = {
	};
	objectVersion = 56;
	objects = {

/* Begin PBXBuildFile section */
		DD45C6C92BE9F68F0072899A /* RealityKitContent in Frameworks */ = {isa = PBXBuildFile; productRef = DD45C6C82BE9F68F0072899A /* RealityKitContent */; };
		DD45C6CB2BE9F68F0072899A /* GoesToSGApp.swift in Sources */ = {isa = PBXBuildFile; fileRef = DD45C6CA2BE9F68F0072899A /* GoesToSGApp.swift */; };
		DD45C6CD2BE9F68F0072899A /* ContentView.swift in Sources */ = {isa = PBXBuildFile; fileRef = DD45C6CC2BE9F68F0072899A /* ContentView.swift */; };
		DD45C6CF2BE9F6910072899A /* Assets.xcassets in Resources */ = {isa = PBXBuildFile; fileRef = DD45C6CE2BE9F6910072899A /* Assets.xcassets */; };
		DD45C6D22BE9F6910072899A /* Preview Assets.xcassets in Resources */ = {isa = PBXBuildFile; fileRef = DD45C6D12BE9F6910072899A /* Preview Assets.xcassets */; };
		DD45C6DA2BEA5BD00072899A /* MixedImmersionView.swift in Sources */ = {isa = PBXBuildFile; fileRef = DD45C6D92BEA5BD00072899A /* MixedImmersionView.swift */; };
/* End PBXBuildFile section */

/* Begin PBXFileReference section */
		DD45C6C32BE9F68F0072899A /* GoesToSG.app */ = {isa = PBXFileReference; explicitFileType = wrapper.application; includeInIndex = 0; path = GoesToSG.app; sourceTree = BUILT_PRODUCTS_DIR; };
		DD45C6C72BE9F68F0072899A /* RealityKitContent */ = {isa = PBXFileReference; lastKnownFileType = wrapper; path = RealityKitContent; sourceTree = "<group>"; };
		DD45C6CA2BE9F68F0072899A /* GoesToSGApp.swift */ = {isa = PBXFileReference; lastKnownFileType = sourcecode.swift; path = GoesToSGApp.swift; sourceTree = "<group>"; };
		DD45C6CC2BE9F68F0072899A /* ContentView.swift */ = {isa = PBXFileReference; lastKnownFileType = sourcecode.swift; path = ContentView.swift; sourceTree = "<group>"; };
		DD45C6CE2BE9F6910072899A /* Assets.xcassets */ = {isa = PBXFileReference; lastKnownFileType = folder.assetcatalog; path = Assets.xcassets; sourceTree = "<group>"; };
		DD45C6D12BE9F6910072899A /* Preview Assets.xcassets */ = {isa = PBXFileReference; lastKnownFileType = folder.assetcatalog; path = "Preview Assets.xcassets"; sourceTree = "<group>"; };
		DD45C6D32BE9F6910072899A /* Info.plist */ = {isa = PBXFileReference; lastKnownFileType = text.plist.xml; path = Info.plist; sourceTree = "<group>"; };
		DD45C6D92BEA5BD00072899A /* MixedImmersionView.swift */ = {isa = PBXFileReference; lastKnownFileType = sourcecode.swift; path = MixedImmersionView.swift; sourceTree = "<group>"; };
/* End PBXFileReference section */

/* Begin PBXFrameworksBuildPhase section */
		DD45C6C02BE9F68F0072899A /* Frameworks */ = {
			isa = PBXFrameworksBuildPhase;
			buildActionMask = 2147483647;
			files = (
				DD45C6C92BE9F68F0072899A /* RealityKitContent in Frameworks */,
			);
			runOnlyForDeploymentPostprocessing = 0;
		};
/* End PBXFrameworksBuildPhase section */

/* Begin PBXGroup section */
		DD45C6BA2BE9F68F0072899A = {
			isa = PBXGroup;
			children = (
				DD45C6C52BE9F68F0072899A /* GoesToSG */,
				DD45C6C62BE9F68F0072899A /* Packages */,
				DD45C6C42BE9F68F0072899A /* Products */,
			);
			sourceTree = "<group>";
		};
		DD45C6C42BE9F68F0072899A /* Products */ = {
			isa = PBXGroup;
			children = (
				DD45C6C32BE9F68F0072899A /* GoesToSG.app */,
			);
			name = Products;
			sourceTree = "<group>";
		};
		DD45C6C52BE9F68F0072899A /* GoesToSG */ = {
			isa = PBXGroup;
			children = (
				DD45C6CA2BE9F68F0072899A /* GoesToSGApp.swift */,
				DD45C6CC2BE9F68F0072899A /* ContentView.swift */,
				DD45C6CE2BE9F6910072899A /* Assets.xcassets */,
				DD45C6D32BE9F6910072899A /* Info.plist */,
				DD45C6D02BE9F6910072899A /* Preview Content */,
				DD45C6D92BEA5BD00072899A /* MixedImmersionView.swift */,
			);
			path = GoesToSG;
			sourceTree = "<group>";
		};
		DD45C6C62BE9F68F0072899A /* Packages */ = {
			isa = PBXGroup;
			children = (
				DD45C6C72BE9F68F0072899A /* RealityKitContent */,
			);
			path = Packages;
			sourceTree = "<group>";
		};
		DD45C6D02BE9F6910072899A /* Preview Content */ = {
			isa = PBXGroup;
			children = (
				DD45C6D12BE9F6910072899A /* Preview Assets.xcassets */,
			);
			path = "Preview Content";
			sourceTree = "<group>";
		};
/* End PBXGroup section */

/* Begin PBXNativeTarget section */
		DD45C6C22BE9F68F0072899A /* GoesToSG */ = {
			isa = PBXNativeTarget;
			buildConfigurationList = DD45C6D62BE9F6910072899A /* Build configuration list for PBXNativeTarget "GoesToSG" */;
			buildPhases = (
				DD45C6BF2BE9F68F0072899A /* Sources */,
				DD45C6C02BE9F68F0072899A /* Frameworks */,
				DD45C6C12BE9F68F0072899A /* Resources */,
			);
			buildRules = (
			);
			dependencies = (
			);
			name = GoesToSG;
			packageProductDependencies = (
				DD45C6C82BE9F68F0072899A /* RealityKitContent */,
			);
			productName = GoesToSG;
			productReference = DD45C6C32BE9F68F0072899A /* GoesToSG.app */;
			productType = "com.apple.product-type.application";
		};
/* End PBXNativeTarget section */

/* Begin PBXProject section */
		DD45C6BB2BE9F68F0072899A /* Project object */ = {
			isa = PBXProject;
			attributes = {
				BuildIndependentTargetsInParallel = 1;
				LastSwiftUpdateCheck = 1530;
				LastUpgradeCheck = 1530;
				TargetAttributes = {
					DD45C6C22BE9F68F0072899A = {
						CreatedOnToolsVersion = 15.3;
					};
				};
			};
			buildConfigurationList = DD45C6BE2BE9F68F0072899A /* Build configuration list for PBXProject "GoesToSG" */;
			compatibilityVersion = "Xcode 14.0";
			developmentRegion = en;
			hasScannedForEncodings = 0;
			knownRegions = (
				en,
				Base,
			);
			mainGroup = DD45C6BA2BE9F68F0072899A;
			productRefGroup = DD45C6C42BE9F68F0072899A /* Products */;
			projectDirPath = "";
			projectRoot = "";
			targets = (
				DD45C6C22BE9F68F0072899A /* GoesToSG */,
			);
		};
/* End PBXProject section */

/* Begin PBXResourcesBuildPhase section */
		DD45C6C12BE9F68F0072899A /* Resources */ = {
			isa = PBXResourcesBuildPhase;
			buildActionMask = 2147483647;
			files = (
				DD45C6D22BE9F6910072899A /* Preview Assets.xcassets in Resources */,
				DD45C6CF2BE9F6910072899A /* Assets.xcassets in Resources */,
			);
			runOnlyForDeploymentPostprocessing = 0;
		};
/* End PBXResourcesBuildPhase section */

/* Begin PBXSourcesBuildPhase section */
		DD45C6BF2BE9F68F0072899A /* Sources */ = {
			isa = PBXSourcesBuildPhase;
			buildActionMask = 2147483647;
			files = (
				DD45C6DA2BEA5BD00072899A /* MixedImmersionView.swift in Sources */,
				DD45C6CD2BE9F68F0072899A /* ContentView.swift in Sources */,
				DD45C6CB2BE9F68F0072899A /* GoesToSGApp.swift in Sources */,
			);
			runOnlyForDeploymentPostprocessing = 0;
		};
/* End PBXSourcesBuildPhase section */

/* Begin XCBuildConfiguration section */
		DD45C6D42BE9F6910072899A /* Debug */ = {
			isa = XCBuildConfiguration;
			buildSettings = {
				ALWAYS_SEARCH_USER_PATHS = NO;
				ASSETCATALOG_COMPILER_GENERATE_SWIFT_ASSET_SYMBOL_EXTENSIONS = YES;
				CLANG_ANALYZER_NONNULL = YES;
				CLANG_ANALYZER_NUMBER_OBJECT_CONVERSION = YES_AGGRESSIVE;
				CLANG_CXX_LANGUAGE_STANDARD = "gnu++20";
				CLANG_ENABLE_MODULES = YES;
				CLANG_ENABLE_OBJC_ARC = YES;
				CLANG_ENABLE_OBJC_WEAK = YES;
				CLANG_WARN_BLOCK_CAPTURE_AUTORELEASING = YES;
				CLANG_WARN_BOOL_CONVERSION = YES;
				CLANG_WARN_COMMA = YES;
				CLANG_WARN_CONSTANT_CONVERSION = YES;
				CLANG_WARN_DEPRECATED_OBJC_IMPLEMENTATIONS = YES;
				CLANG_WARN_DIRECT_OBJC_ISA_USAGE = YES_ERROR;
				CLANG_WARN_DOCUMENTATION_COMMENTS = YES;
				CLANG_WARN_EMPTY_BODY = YES;
				CLANG_WARN_ENUM_CONVERSION = YES;
				CLANG_WARN_INFINITE_RECURSION = YES;
				CLANG_WARN_INT_CONVERSION = YES;
				CLANG_WARN_NON_LITERAL_NULL_CONVERSION = YES;
				CLANG_WARN_OBJC_IMPLICIT_RETAIN_SELF = YES;
				CLANG_WARN_OBJC_LITERAL_CONVERSION = YES;
				CLANG_WARN_OBJC_ROOT_CLASS = YES_ERROR;
				CLANG_WARN_QUOTED_INCLUDE_IN_FRAMEWORK_HEADER = YES;
				CLANG_WARN_RANGE_LOOP_ANALYSIS = YES;
				CLANG_WARN_STRICT_PROTOTYPES = YES;
				CLANG_WARN_SUSPICIOUS_MOVE = YES;
				CLANG_WARN_UNGUARDED_AVAILABILITY = YES_AGGRESSIVE;
				CLANG_WARN_UNREACHABLE_CODE = YES;
				CLANG_WARN__DUPLICATE_METHOD_MATCH = YES;
				COPY_PHASE_STRIP = NO;
				DEBUG_INFORMATION_FORMAT = dwarf;
				ENABLE_STRICT_OBJC_MSGSEND = YES;
				ENABLE_TESTABILITY = YES;
				ENABLE_USER_SCRIPT_SANDBOXING = YES;
				GCC_C_LANGUAGE_STANDARD = gnu17;
				GCC_DYNAMIC_NO_PIC = NO;
				GCC_NO_COMMON_BLOCKS = YES;
				GCC_OPTIMIZATION_LEVEL = 0;
				GCC_PREPROCESSOR_DEFINITIONS = (
					"DEBUG=1",
					"$(inherited)",
				);
				GCC_WARN_64_TO_32_BIT_CONVERSION = YES;
				GCC_WARN_ABOUT_RETURN_TYPE = YES_ERROR;
				GCC_WARN_UNDECLARED_SELECTOR = YES;
				GCC_WARN_UNINITIALIZED_AUTOS = YES_AGGRESSIVE;
				GCC_WARN_UNUSED_FUNCTION = YES;
				GCC_WARN_UNUSED_VARIABLE = YES;
				LOCALIZATION_PREFERS_STRING_CATALOGS = YES;
				MTL_ENABLE_DEBUG_INFO = INCLUDE_SOURCE;
				MTL_FAST_MATH = YES;
				ONLY_ACTIVE_ARCH = YES;
				SDKROOT = xros;
				SWIFT_ACTIVE_COMPILATION_CONDITIONS = "DEBUG $(inherited)";
				SWIFT_OPTIMIZATION_LEVEL = "-Onone";
				XROS_DEPLOYMENT_TARGET = 1.1;
			};
			name = Debug;
		};
		DD45C6D52BE9F6910072899A /* Release */ = {
			isa = XCBuildConfiguration;
			buildSettings = {
				ALWAYS_SEARCH_USER_PATHS = NO;
				ASSETCATALOG_COMPILER_GENERATE_SWIFT_ASSET_SYMBOL_EXTENSIONS = YES;
				CLANG_ANALYZER_NONNULL = YES;
				CLANG_ANALYZER_NUMBER_OBJECT_CONVERSION = YES_AGGRESSIVE;
				CLANG_CXX_LANGUAGE_STANDARD = "gnu++20";
				CLANG_ENABLE_MODULES = YES;
				CLANG_ENABLE_OBJC_ARC = YES;
				CLANG_ENABLE_OBJC_WEAK = YES;
				CLANG_WARN_BLOCK_CAPTURE_AUTORELEASING = YES;
				CLANG_WARN_BOOL_CONVERSION = YES;
				CLANG_WARN_COMMA = YES;
				CLANG_WARN_CONSTANT_CONVERSION = YES;
				CLANG_WARN_DEPRECATED_OBJC_IMPLEMENTATIONS = YES;
				CLANG_WARN_DIRECT_OBJC_ISA_USAGE = YES_ERROR;
				CLANG_WARN_DOCUMENTATION_COMMENTS = YES;
				CLANG_WARN_EMPTY_BODY = YES;
				CLANG_WARN_ENUM_CONVERSION = YES;
				CLANG_WARN_INFINITE_RECURSION = YES;
				CLANG_WARN_INT_CONVERSION = YES;
				CLANG_WARN_NON_LITERAL_NULL_CONVERSION = YES;
				CLANG_WARN_OBJC_IMPLICIT_RETAIN_SELF = YES;
				CLANG_WARN_OBJC_LITERAL_CONVERSION = YES;
				CLANG_WARN_OBJC_ROOT_CLASS = YES_ERROR;
				CLANG_WARN_QUOTED_INCLUDE_IN_FRAMEWORK_HEADER = YES;
				CLANG_WARN_RANGE_LOOP_ANALYSIS = YES;
				CLANG_WARN_STRICT_PROTOTYPES = YES;
				CLANG_WARN_SUSPICIOUS_MOVE = YES;
				CLANG_WARN_UNGUARDED_AVAILABILITY = YES_AGGRESSIVE;
				CLANG_WARN_UNREACHABLE_CODE = YES;
				CLANG_WARN__DUPLICATE_METHOD_MATCH = YES;
				COPY_PHASE_STRIP = NO;
				DEBUG_INFORMATION_FORMAT = "dwarf-with-dsym";
				ENABLE_NS_ASSERTIONS = NO;
				ENABLE_STRICT_OBJC_MSGSEND = YES;
				ENABLE_USER_SCRIPT_SANDBOXING = YES;
				GCC_C_LANGUAGE_STANDARD = gnu17;
				GCC_NO_COMMON_BLOCKS = YES;
				GCC_WARN_64_TO_32_BIT_CONVERSION = YES;
				GCC_WARN_ABOUT_RETURN_TYPE = YES_ERROR;
				GCC_WARN_UNDECLARED_SELECTOR = YES;
				GCC_WARN_UNINITIALIZED_AUTOS = YES_AGGRESSIVE;
				GCC_WARN_UNUSED_FUNCTION = YES;
				GCC_WARN_UNUSED_VARIABLE = YES;
				LOCALIZATION_PREFERS_STRING_CATALOGS = YES;
				MTL_ENABLE_DEBUG_INFO = NO;
				MTL_FAST_MATH = YES;
				SDKROOT = xros;
				SWIFT_COMPILATION_MODE = wholemodule;
				VALIDATE_PRODUCT = YES;
				XROS_DEPLOYMENT_TARGET = 1.1;
			};
			name = Release;
		};
		DD45C6D72BE9F6910072899A /* Debug */ = {
			isa = XCBuildConfiguration;
			buildSettings = {
				ASSETCATALOG_COMPILER_APPICON_NAME = AppIcon;
				ASSETCATALOG_COMPILER_GLOBAL_ACCENT_COLOR_NAME = AccentColor;
				CODE_SIGN_STYLE = Automatic;
				CURRENT_PROJECT_VERSION = 1;
				DEVELOPMENT_ASSET_PATHS = "\"GoesToSG/Preview Content\"";
				DEVELOPMENT_TEAM = XSHZNN2ULY;
				ENABLE_PREVIEWS = YES;
				GENERATE_INFOPLIST_FILE = YES;
				INFOPLIST_FILE = "$(TARGET_NAME)/Info.plist";
				LD_RUNPATH_SEARCH_PATHS = (
					"$(inherited)",
					"@executable_path/Frameworks",
				);
				MARKETING_VERSION = 1.0;
				PRODUCT_BUNDLE_IDENTIFIER = test.GoesToSG;
				PRODUCT_NAME = "$(TARGET_NAME)";
				SUPPORTED_PLATFORMS = "xros xrsimulator";
				SWIFT_EMIT_LOC_STRINGS = YES;
				SWIFT_VERSION = 5.0;
				TARGETED_DEVICE_FAMILY = "1,2,7";
			};
			name = Debug;
		};
		DD45C6D82BE9F6910072899A /* Release */ = {
			isa = XCBuildConfiguration;
			buildSettings = {
				ASSETCATALOG_COMPILER_APPICON_NAME = AppIcon;
				ASSETCATALOG_COMPILER_GLOBAL_ACCENT_COLOR_NAME = AccentColor;
				CODE_SIGN_STYLE = Automatic;
				CURRENT_PROJECT_VERSION = 1;
				DEVELOPMENT_ASSET_PATHS = "\"GoesToSG/Preview Content\"";
				DEVELOPMENT_TEAM = XSHZNN2ULY;
				ENABLE_PREVIEWS = YES;
				GENERATE_INFOPLIST_FILE = YES;
				INFOPLIST_FILE = "$(TARGET_NAME)/Info.plist";
				LD_RUNPATH_SEARCH_PATHS = (
					"$(inherited)",
					"@executable_path/Frameworks",
				);
				MARKETING_VERSION = 1.0;
				PRODUCT_BUNDLE_IDENTIFIER = test.GoesToSG;
				PRODUCT_NAME = "$(TARGET_NAME)";
				SUPPORTED_PLATFORMS = "xros xrsimulator";
				SWIFT_EMIT_LOC_STRINGS = YES;
				SWIFT_VERSION = 5.0;
				TARGETED_DEVICE_FAMILY = "1,2,7";
			};
			name = Release;
		};
/* End XCBuildConfiguration section */

/* Begin XCConfigurationList section */
		DD45C6BE2BE9F68F0072899A /* Build configuration list for PBXProject "GoesToSG" */ = {
			isa = XCConfigurationList;
			buildConfigurations = (
				DD45C6D42BE9F6910072899A /* Debug */,
				DD45C6D52BE9F6910072899A /* Release */,
			);
			defaultConfigurationIsVisible = 0;
			defaultConfigurationName = Release;
		};
		DD45C6D62BE9F6910072899A /* Build configuration list for PBXNativeTarget "GoesToSG" */ = {
			isa = XCConfigurationList;
			buildConfigurations = (
				DD45C6D72BE9F6910072899A /* Debug */,
				DD45C6D82BE9F6910072899A /* Release */,
			);
			defaultConfigurationIsVisible = 0;
			defaultConfigurationName = Release;
		};
/* End XCConfigurationList section */

/* Begin XCSwiftPackageProductDependency section */
		DD45C6C82BE9F68F0072899A /* RealityKitContent */ = {
			isa = XCSwiftPackageProductDependency;
			productName = RealityKitContent;
		};
/* End XCSwiftPackageProductDependency section */
	};
	rootObject = DD45C6BB2BE9F68F0072899A /* Project object */;
}
